<?xml version="1.0" encoding="utf-8"?>
<Project ToolsVersion="4.0" xmlns="http://schemas.microsoft.com/developer/msbuild/2003">
  <ItemGroup>
    <Filter Include="Resource Files">
      <UniqueIdentifier>{67DA6AB6-F800-4c08-8B7A-83BB121AAD01}</UniqueIdentifier>
      <Extensions>rc;ico;cur;bmp;dlg;rc2;rct;bin;rgs;gif;jpg;jpeg;jpe;resx;tiff;tif;png;wav;mfcribbon-ms</Extensions>
    </Filter>
    <Filter Include="Entities">
      <UniqueIdentifier>{889400aa-fff0-45f2-a0ea-35f7e75a7c5f}</UniqueIdentifier>
    </Filter>
    <Filter Include="Systems">
      <UniqueIdentifier>{5920208d-cb0c-4e3b-9569-ff88c40453bb}</UniqueIdentifier>
    </Filter>
    <Filter Include="UI">
      <UniqueIdentifier>{b7d71a1c-f00d-4b83-a457-9d528f4902f9}</UniqueIdentifier>
    </Filter>
    <Filter Include="Net">
      <UniqueIdentifier>{274ae1f4-7b59-4a7a-87a8-131b84468fa6}</UniqueIdentifier>
    </Filter>
    <Filter Include="Core">
      <UniqueIdentifier>{874bf38c-eb95-4989-b59a-6ce21d15c937}</UniqueIdentifier>
    </Filter>
    <Filter Include="Core\Source Files">
      <UniqueIdentifier>{4FC737F1-C7A5-4376-A066-2A32D752A2FF}</UniqueIdentifier>
      <Extensions>cpp;c;cc;cxx;c++;cppm;ixx;def;odl;idl;hpj;bat;asm;asmx</Extensions>
    </Filter>
    <Filter Include="Core\Header Files">
      <UniqueIdentifier>{93995380-89BD-4b04-88EB-625FBE52EBFB}</UniqueIdentifier>
      <Extensions>h;hh;hpp;hxx;h++;hm;inl;inc;ipp;xsd</Extensions>
    </Filter>
    <Filter Include="Core\States">
      <UniqueIdentifier>{eba5c917-acd9-4382-96e1-700658bcde99}</UniqueIdentifier>
    </Filter>
    <Filter Include="Core\Network Files">
      <UniqueIdentifier>{5c6c5bde-693a-48e7-93fd-561122e2c278}</UniqueIdentifier>
    </Filter>
  </ItemGroup>
  <ItemGroup>
    <ClCompile Include="CA1_MDP_Jiri Uhlir_GameDash.cpp">
      <Filter>Core\Source Files</Filter>
    </ClCompile>
    <ClCompile Include="title_state.cpp">
      <Filter>Core\States</Filter>
    </ClCompile>
    <ClCompile Include="menu_state.cpp">
      <Filter>Core\States</Filter>
    </ClCompile>
    <ClCompile Include="component.cpp">
      <Filter>Core\Source Files</Filter>
    </ClCompile>
    <ClCompile Include="application.cpp">
      <Filter>Core\Source Files</Filter>
    </ClCompile>
    <ClCompile Include="button.cpp">
      <Filter>Core\Source Files</Filter>
    </ClCompile>
    <ClCompile Include="container.cpp">
      <Filter>Core\Source Files</Filter>
    </ClCompile>
    <ClCompile Include="label.cpp">
      <Filter>Core\Source Files</Filter>
    </ClCompile>
    <ClCompile Include="player_entity.cpp">
      <Filter>Core\Source Files</Filter>
    </ClCompile>
    <ClCompile Include="state.cpp">
      <Filter>Core\Source Files</Filter>
    </ClCompile>
    <ClCompile Include="statestack.cpp">
      <Filter>Core\Source Files</Filter>
    </ClCompile>
    <ClCompile Include="utility.cpp">
      <Filter>Core\Source Files</Filter>
    </ClCompile>
    <ClCompile Include="game_state.cpp">
      <Filter>Core\States</Filter>
    </ClCompile>
    <ClCompile Include="settings_state.cpp">
      <Filter>Core\States</Filter>
    </ClCompile>
    <ClCompile Include="bullet.cpp">
      <Filter>Core\Source Files</Filter>
    </ClCompile>
    <ClCompile Include="game_over_state.cpp">
      <Filter>Core\States</Filter>
    </ClCompile>
    <ClCompile Include="sound_id.cpp">
      <Filter>Core\Source Files</Filter>
    </ClCompile>
    <ClCompile Include="sound_player.cpp">
      <Filter>Core\Source Files</Filter>
    </ClCompile>
    <ClCompile Include="music_player.cpp">
      <Filter>Core\Source Files</Filter>
    </ClCompile>
    <ClCompile Include="team_select_state.cpp">
      <Filter>Core\States</Filter>
    </ClCompile>
    <ClCompile Include="player_input.cpp">
      <Filter>Core\Source Files</Filter>
    </ClCompile>
    <ClCompile Include="host_session.cpp">
      <Filter>Core\Network Files</Filter>
    </ClCompile>
    <ClCompile Include="client_session.cpp">
      <Filter>Core\Network Files</Filter>
    </ClCompile>
    <ClCompile Include="network_manager.cpp">
      <Filter>Core\Network Files</Filter>
    </ClCompile>
    <ClCompile Include="profile_data.cpp">
      <Filter>Core\Source Files</Filter>
    </ClCompile>
  </ItemGroup>
  <ItemGroup>
    <ClInclude Include="title_state.hpp">
      <Filter>Core\States</Filter>
    </ClInclude>
    <ClInclude Include="menu_state.hpp">
      <Filter>Core\States</Filter>
    </ClInclude>
    <ClInclude Include="component.hpp">
      <Filter>Core\Header Files</Filter>
    </ClInclude>
    <ClInclude Include="state.hpp">
      <Filter>Core\Header Files</Filter>
    </ClInclude>
    <ClInclude Include="game_state.hpp">
      <Filter>Core\States</Filter>
    </ClInclude>
    <ClInclude Include="application.hpp">
      <Filter>Core\Header Files</Filter>
    </ClInclude>
    <ClInclude Include="button.hpp">
      <Filter>Core\Header Files</Filter>
    </ClInclude>
    <ClInclude Include="constants.hpp">
      <Filter>Core\Header Files</Filter>
    </ClInclude>
    <ClInclude Include="container.hpp">
      <Filter>Core\Header Files</Filter>
    </ClInclude>
    <ClInclude Include="fontID.hpp">
      <Filter>Core\Header Files</Filter>
    </ClInclude>
    <ClInclude Include="label.hpp">
      <Filter>Core\Header Files</Filter>
    </ClInclude>
    <ClInclude Include="player_entity.hpp">
      <Filter>Core\Header Files</Filter>
    </ClInclude>
    <ClInclude Include="resource_holder.hpp">
      <Filter>Core\Header Files</Filter>
    </ClInclude>
    <ClInclude Include="resource_identifiers.hpp">
      <Filter>Core\Header Files</Filter>
    </ClInclude>
    <ClInclude Include="stack_actions.hpp">
      <Filter>Core\Header Files</Filter>
    </ClInclude>
    <ClInclude Include="statestack.hpp">
      <Filter>Core\Header Files</Filter>
    </ClInclude>
    <ClInclude Include="stateid.hpp">
      <Filter>Core\Header Files</Filter>
    </ClInclude>
    <ClInclude Include="texture_id.hpp">
      <Filter>Core\Header Files</Filter>
    </ClInclude>
    <ClInclude Include="utility.hpp">
      <Filter>Core\Header Files</Filter>
    </ClInclude>
    <ClInclude Include="settings_state.hpp">
      <Filter>Core\States</Filter>
    </ClInclude>
    <ClInclude Include="bullet.hpp">
      <Filter>Core\Header Files</Filter>
    </ClInclude>
    <ClInclude Include="game_over_state.hpp">
      <Filter>Core\States</Filter>
    </ClInclude>
    <ClInclude Include="sound_id.hpp">
      <Filter>Core\Header Files</Filter>
    </ClInclude>
    <ClInclude Include="sound_player.hpp">
      <Filter>Core\Header Files</Filter>
    </ClInclude>
    <ClInclude Include="music_player.hpp">
      <Filter>Core\Header Files</Filter>
    </ClInclude>
    <ClInclude Include="game_settings.hpp">
      <Filter>Core\Header Files</Filter>
    </ClInclude>
    <ClInclude Include="team_select_state.hpp">
      <Filter>Core\States</Filter>
    </ClInclude>
    <ClInclude Include="player_input.hpp">
      <Filter>Core\Header Files</Filter>
    </ClInclude>
    <ClInclude Include="network_manager.hpp">
      <Filter>Core\Network Files</Filter>
    </ClInclude>
    <ClInclude Include="host_session.hpp">
      <Filter>Core\Network Files</Filter>
    </ClInclude>
    <ClInclude Include="client_session.hpp">
      <Filter>Core\Network Files</Filter>
    </ClInclude>
    <ClInclude Include="network_packets.hpp">
      <Filter>Core\Network Files</Filter>
    </ClInclude>
    <ClInclude Include="profile_data.hpp">
      <Filter>Core\Header Files</Filter>
    </ClInclude>
  </ItemGroup>
  <ItemGroup>
    <None Include="CppProperties.json">
      <Filter>Core</Filter>
    </None>
    <None Include="resource_holder.inl">
      <Filter>Core</Filter>
    </None>
    <None Include="README.md">
      <Filter>Core</Filter>
    </None>
  </ItemGroup>
  <ItemGroup>
    <Text Include="ip.txt">
      <Filter>Core\Network Files</Filter>
    </Text>
  </ItemGroup>
</Project>